
Microsoft Visual Studio Solution File, Format Version 12.00
# Visual Studio Version 17
VisualStudioVersion = 17.3.32929.385
MinimumVisualStudioVersion = 10.0.40219.1
Project("{FAE04EC0-301F-11D3-BF4B-00C04F79EFBC}") = "Project.Hub", "Project.Hub.csproj", "{344D4291-85C3-4335-9B47-0CEE208E6B41}"
EndProject
Global
	GlobalSection(SolutionConfigurationPlatforms) = preSolution
		Debug|Any CPU = Debug|Any CPU
		Release|Any CPU = Release|Any CPU
	EndGlobalSection
	GlobalSection(ProjectConfigurationPlatforms) = postSolution
		{344D4291-85C3-4335-9B47-0CEE208E6B41}.Debug|Any CPU.ActiveCfg = Debug|Any CPU
		{344D4291-85C3-4335-9B47-0CEE208E6B41}.Debug|Any CPU.Build.0 = Debug|Any CPU
		{344D4291-85C3-4335-9B47-0CEE208E6B41}.Release|Any CPU.ActiveCfg = Release|Any CPU
		{344D4291-85C3-4335-9B47-0CEE208E6B41}.Release|Any CPU.Build.0 = Release|Any CPU
	EndGlobalSection
	GlobalSection(SolutionProperties) = preSolution
		HideSolutionNode = FALSE
	EndGlobalSection
	GlobalSection(ExtensibilityGlobals) = postSolution
		SolutionGuid = {765A6DA5-EB1B-4ABC-8551-F77E8927C23C}
	EndGlobalSection
EndGlobal
