
Microsoft Visual Studio Solution File, Format Version 12.00
# Visual Studio Version 17
VisualStudioVersion = 17.3.32929.385
MinimumVisualStudioVersion = 10.0.40219.1
Project("{FAE04EC0-301F-11D3-BF4B-00C04F79EFBC}") = "Project.ApiHub", "Project.ApiHub.csproj", "{344D4291-85C3-4335-9B47-0CEE208E6B41}"
EndProject
Project("{2150E333-8FDC-42A3-9474-1A3956D46DE8}") = "src", "src", "{D427684E-4FBE-471A-9901-511D224FE33E}"
EndProject
Project("{2150E333-8FDC-42A3-9474-1A3956D46DE8}") = "Hub", "Hub", "{A22BEDBE-61EA-4B77-B19C-117EBAAA9E08}"
EndProject
Project("{2150E333-8FDC-42A3-9474-1A3956D46DE8}") = "Api", "Api", "{8C789DE6-BE8F-4BA9-8D78-E9AC9988605A}"
EndProject
Project("{2150E333-8FDC-42A3-9474-1A3956D46DE8}") = "Domain", "Domain", "{6FE9CD26-17A0-45DE-844D-7F53F5EDF441}"
EndProject
Global
	GlobalSection(SolutionConfigurationPlatforms) = preSolution
		Debug|Any CPU = Debug|Any CPU
		Release|Any CPU = Release|Any CPU
	EndGlobalSection
	GlobalSection(ProjectConfigurationPlatforms) = postSolution
		{344D4291-85C3-4335-9B47-0CEE208E6B41}.Debug|Any CPU.ActiveCfg = Debug|Any CPU
		{344D4291-85C3-4335-9B47-0CEE208E6B41}.Debug|Any CPU.Build.0 = Debug|Any CPU
		{344D4291-85C3-4335-9B47-0CEE208E6B41}.Release|Any CPU.ActiveCfg = Release|Any CPU
		{344D4291-85C3-4335-9B47-0CEE208E6B41}.Release|Any CPU.Build.0 = Release|Any CPU
	EndGlobalSection
	GlobalSection(SolutionProperties) = preSolution
		HideSolutionNode = FALSE
	EndGlobalSection
	GlobalSection(NestedProjects) = preSolution
		{344D4291-85C3-4335-9B47-0CEE208E6B41} = {8C789DE6-BE8F-4BA9-8D78-E9AC9988605A}
		{A22BEDBE-61EA-4B77-B19C-117EBAAA9E08} = {D427684E-4FBE-471A-9901-511D224FE33E}
		{8C789DE6-BE8F-4BA9-8D78-E9AC9988605A} = {A22BEDBE-61EA-4B77-B19C-117EBAAA9E08}
	EndGlobalSection
	GlobalSection(ExtensibilityGlobals) = postSolution
		SolutionGuid = {765A6DA5-EB1B-4ABC-8551-F77E8927C23C}
	EndGlobalSection
EndGlobal
